
Microsoft Visual Studio Solution File, Format Version 12.00
# Visual Studio Version 17
VisualStudioVersion = 17.11.35327.3
MinimumVisualStudioVersion = 10.0.40219.1
Project("{9A19103F-16F7-4668-BE54-9A1E7A4F7556}") = "Atividade 8 - CheckButton e ComboBox", "Atividade 8 - CheckButton e ComboBox.csproj", "{1315F3A4-9ED4-48C4-890D-05B351E7D7D2}"
EndProject
Global
	GlobalSection(SolutionConfigurationPlatforms) = preSolution
		Debug|Any CPU = Debug|Any CPU
		Release|Any CPU = Release|Any CPU
	EndGlobalSection
	GlobalSection(ProjectConfigurationPlatforms) = postSolution
		{1315F3A4-9ED4-48C4-890D-05B351E7D7D2}.Debug|Any CPU.ActiveCfg = Debug|Any CPU
		{1315F3A4-9ED4-48C4-890D-05B351E7D7D2}.Debug|Any CPU.Build.0 = Debug|Any CPU
		{1315F3A4-9ED4-48C4-890D-05B351E7D7D2}.Release|Any CPU.ActiveCfg = Release|Any CPU
		{1315F3A4-9ED4-48C4-890D-05B351E7D7D2}.Release|Any CPU.Build.0 = Release|Any CPU
	EndGlobalSection
	GlobalSection(SolutionProperties) = preSolution
		HideSolutionNode = FALSE
	EndGlobalSection
	GlobalSection(ExtensibilityGlobals) = postSolution
		SolutionGuid = {F8B0E5B5-B7BA-4EED-807D-89F705383980}
	EndGlobalSection
EndGlobal
